
Microsoft Visual Studio Solution File, Format Version 12.00
# Visual Studio Version 17
VisualStudioVersion = 17.13.35931.197
MinimumVisualStudioVersion = 10.0.40219.1
Project("{FAE04EC0-301F-11D3-BF4B-00C04F79EFBC}") = "parcial2", "parcial2\parcial2.csproj", "{5F394561-4447-447A-86E7-0FD917B2A9C3}"
EndProject
Project("{FAE04EC0-301F-11D3-BF4B-00C04F79EFBC}") = "Minicraft", "Minicraft\Minicraft.csproj", "{4DD46D65-7674-496F-8C30-A60A95080C34}"
EndProject
Global
	GlobalSection(SolutionConfigurationPlatforms) = preSolution
		Debug|Any CPU = Debug|Any CPU
		Release|Any CPU = Release|Any CPU
	EndGlobalSection
	GlobalSection(ProjectConfigurationPlatforms) = postSolution
		{5F394561-4447-447A-86E7-0FD917B2A9C3}.Debug|Any CPU.ActiveCfg = Debug|Any CPU
		{5F394561-4447-447A-86E7-0FD917B2A9C3}.Debug|Any CPU.Build.0 = Debug|Any CPU
		{5F394561-4447-447A-86E7-0FD917B2A9C3}.Release|Any CPU.ActiveCfg = Release|Any CPU
		{5F394561-4447-447A-86E7-0FD917B2A9C3}.Release|Any CPU.Build.0 = Release|Any CPU
		{4DD46D65-7674-496F-8C30-A60A95080C34}.Debug|Any CPU.ActiveCfg = Debug|Any CPU
		{4DD46D65-7674-496F-8C30-A60A95080C34}.Debug|Any CPU.Build.0 = Debug|Any CPU
		{4DD46D65-7674-496F-8C30-A60A95080C34}.Release|Any CPU.ActiveCfg = Release|Any CPU
		{4DD46D65-7674-496F-8C30-A60A95080C34}.Release|Any CPU.Build.0 = Release|Any CPU
	EndGlobalSection
	GlobalSection(SolutionProperties) = preSolution
		HideSolutionNode = FALSE
	EndGlobalSection
	GlobalSection(ExtensibilityGlobals) = postSolution
		SolutionGuid = {8CDB0383-DC71-4489-BFF8-648135B6CDA9}
	EndGlobalSection
EndGlobal
